
Microsoft Visual Studio Solution File, Format Version 12.00
# Visual Studio 15
VisualStudioVersion = 15.0.28010.2050
MinimumVisualStudioVersion = 10.0.40219.1
Project("{FAE04EC0-301F-11D3-BF4B-00C04F79EFBC}") = "MovieApplication", "MovieApplication\MovieApplication.csproj", "{1EC09DCF-E0AE-41C4-AA8F-B51620B15953}"
EndProject
Global
	GlobalSection(SolutionConfigurationPlatforms) = preSolution
		Debug|Any CPU = Debug|Any CPU
		Release|Any CPU = Release|Any CPU
	EndGlobalSection
	GlobalSection(ProjectConfigurationPlatforms) = postSolution
		{1EC09DCF-E0AE-41C4-AA8F-B51620B15953}.Debug|Any CPU.ActiveCfg = Debug|Any CPU
		{1EC09DCF-E0AE-41C4-AA8F-B51620B15953}.Debug|Any CPU.Build.0 = Debug|Any CPU
		{1EC09DCF-E0AE-41C4-AA8F-B51620B15953}.Release|Any CPU.ActiveCfg = Release|Any CPU
		{1EC09DCF-E0AE-41C4-AA8F-B51620B15953}.Release|Any CPU.Build.0 = Release|Any CPU
	EndGlobalSection
	GlobalSection(SolutionProperties) = preSolution
		HideSolutionNode = FALSE
	EndGlobalSection
	GlobalSection(ExtensibilityGlobals) = postSolution
		SolutionGuid = {C62ED12C-B27F-4C7F-9080-8650694227FD}
	EndGlobalSection
EndGlobal
